// !$*UTF8*$!
{
	archiveVersion = 1;
	classes = {
	};
	objectVersion = 46;
	objects = {

/* Begin PBXBuildFile section */
		E06A081215063DD800981F07 /* TSFriendsList.m in Sources */ = {isa = PBXBuildFile; fileRef = E06A080D15063DD800981F07 /* TSFriendsList.m */; };
		E06A081315063DD800981F07 /* TSModel.m in Sources */ = {isa = PBXBuildFile; fileRef = E06A080F15063DD800981F07 /* TSModel.m */; };
		E06A081415063DD800981F07 /* TSModelParser.m in Sources */ = {isa = PBXBuildFile; fileRef = E06A081115063DD800981F07 /* TSModelParser.m */; };
		E06A08171506402A00981F07 /* TSTweet.m in Sources */ = {isa = PBXBuildFile; fileRef = E06A08161506402A00981F07 /* TSTweet.m */; };
		E06A081A1506438A00981F07 /* TSUser.m in Sources */ = {isa = PBXBuildFile; fileRef = E06A08191506438900981F07 /* TSUser.m */; };
		E06A081D15065E9E00981F07 /* TSFollow.m in Sources */ = {isa = PBXBuildFile; fileRef = E06A081C15065E9D00981F07 /* TSFollow.m */; };
		E07C43371505BB3F006279FA /* UIKit.framework in Frameworks */ = {isa = PBXBuildFile; fileRef = E07C43361505BB3F006279FA /* UIKit.framework */; };
		E07C43391505BB3F006279FA /* Foundation.framework in Frameworks */ = {isa = PBXBuildFile; fileRef = E07C43381505BB3F006279FA /* Foundation.framework */; };
		E07C433B1505BB3F006279FA /* CoreGraphics.framework in Frameworks */ = {isa = PBXBuildFile; fileRef = E07C433A1505BB3F006279FA /* CoreGraphics.framework */; };
		E07C43601505BB6C006279FA /* AppDelegate.m in Sources */ = {isa = PBXBuildFile; fileRef = E07C43551505BB6C006279FA /* AppDelegate.m */; };
		E07C43611505BB6C006279FA /* InfoPlist.strings in Resources */ = {isa = PBXBuildFile; fileRef = E07C43561505BB6C006279FA /* InfoPlist.strings */; };
		E07C43621505BB6C006279FA /* ViewController.xib in Resources */ = {isa = PBXBuildFile; fileRef = E07C43581505BB6C006279FA /* ViewController.xib */; };
		E07C43631505BB6C006279FA /* main.m in Sources */ = {isa = PBXBuildFile; fileRef = E07C435A1505BB6C006279FA /* main.m */; };
		E07C43651505BB6C006279FA /* ViewController.m in Sources */ = {isa = PBXBuildFile; fileRef = E07C435E1505BB6C006279FA /* ViewController.m */; };
		E07C436A1505BC12006279FA /* TSStream.m in Sources */ = {isa = PBXBuildFile; fileRef = E07C43691505BC12006279FA /* TSStream.m */; };
		E07C436C1505BC77006279FA /* Twitter.framework in Frameworks */ = {isa = PBXBuildFile; fileRef = E07C436B1505BC77006279FA /* Twitter.framework */; };
		E07C436E1505BC7C006279FA /* Accounts.framework in Frameworks */ = {isa = PBXBuildFile; fileRef = E07C436D1505BC7C006279FA /* Accounts.framework */; };
		E07C43761505BF2C006279FA /* JSONKit.m in Sources */ = {isa = PBXBuildFile; fileRef = E07C43731505BF2C006279FA /* JSONKit.m */; };
		E07C437A1505BFA9006279FA /* TSUserStream.m in Sources */ = {isa = PBXBuildFile; fileRef = E07C43791505BFA9006279FA /* TSUserStream.m */; };
		E07C43811505DA4F006279FA /* TSFilterStream.m in Sources */ = {isa = PBXBuildFile; fileRef = E07C43801505DA4F006279FA /* TSFilterStream.m */; };
		E07C43831506016D006279FA /* README in Resources */ = {isa = PBXBuildFile; fileRef = E07C43821506016D006279FA /* README */; };
/* End PBXBuildFile section */

/* Begin PBXFileReference section */
		E06A080C15063DD800981F07 /* TSFriendsList.h */ = {isa = PBXFileReference; fileEncoding = 4; lastKnownFileType = sourcecode.c.h; path = TSFriendsList.h; sourceTree = "<group>"; };
		E06A080D15063DD800981F07 /* TSFriendsList.m */ = {isa = PBXFileReference; fileEncoding = 4; lastKnownFileType = sourcecode.c.objc; path = TSFriendsList.m; sourceTree = "<group>"; };
		E06A080E15063DD800981F07 /* TSModel.h */ = {isa = PBXFileReference; fileEncoding = 4; lastKnownFileType = sourcecode.c.h; path = TSModel.h; sourceTree = "<group>"; };
		E06A080F15063DD800981F07 /* TSModel.m */ = {isa = PBXFileReference; fileEncoding = 4; lastKnownFileType = sourcecode.c.objc; path = TSModel.m; sourceTree = "<group>"; };
		E06A081015063DD800981F07 /* TSModelParser.h */ = {isa = PBXFileReference; fileEncoding = 4; lastKnownFileType = sourcecode.c.h; path = TSModelParser.h; sourceTree = "<group>"; };
		E06A081115063DD800981F07 /* TSModelParser.m */ = {isa = PBXFileReference; fileEncoding = 4; lastKnownFileType = sourcecode.c.objc; path = TSModelParser.m; sourceTree = "<group>"; };
		E06A08151506402A00981F07 /* TSTweet.h */ = {isa = PBXFileReference; fileEncoding = 4; lastKnownFileType = sourcecode.c.h; path = TSTweet.h; sourceTree = "<group>"; };
		E06A08161506402A00981F07 /* TSTweet.m */ = {isa = PBXFileReference; fileEncoding = 4; lastKnownFileType = sourcecode.c.objc; path = TSTweet.m; sourceTree = "<group>"; };
		E06A08181506438900981F07 /* TSUser.h */ = {isa = PBXFileReference; fileEncoding = 4; lastKnownFileType = sourcecode.c.h; path = TSUser.h; sourceTree = "<group>"; };
		E06A08191506438900981F07 /* TSUser.m */ = {isa = PBXFileReference; fileEncoding = 4; lastKnownFileType = sourcecode.c.objc; path = TSUser.m; sourceTree = "<group>"; };
		E06A081B15065E9D00981F07 /* TSFollow.h */ = {isa = PBXFileReference; fileEncoding = 4; lastKnownFileType = sourcecode.c.h; path = TSFollow.h; sourceTree = "<group>"; };
		E06A081C15065E9D00981F07 /* TSFollow.m */ = {isa = PBXFileReference; fileEncoding = 4; lastKnownFileType = sourcecode.c.objc; path = TSFollow.m; sourceTree = "<group>"; };
		E07C43321505BB3F006279FA /* TwitterStreams.app */ = {isa = PBXFileReference; explicitFileType = wrapper.application; includeInIndex = 0; path = TwitterStreams.app; sourceTree = BUILT_PRODUCTS_DIR; };
		E07C43361505BB3F006279FA /* UIKit.framework */ = {isa = PBXFileReference; lastKnownFileType = wrapper.framework; name = UIKit.framework; path = System/Library/Frameworks/UIKit.framework; sourceTree = SDKROOT; };
		E07C43381505BB3F006279FA /* Foundation.framework */ = {isa = PBXFileReference; lastKnownFileType = wrapper.framework; name = Foundation.framework; path = System/Library/Frameworks/Foundation.framework; sourceTree = SDKROOT; };
		E07C433A1505BB3F006279FA /* CoreGraphics.framework */ = {isa = PBXFileReference; lastKnownFileType = wrapper.framework; name = CoreGraphics.framework; path = System/Library/Frameworks/CoreGraphics.framework; sourceTree = SDKROOT; };
		E07C43541505BB6C006279FA /* AppDelegate.h */ = {isa = PBXFileReference; fileEncoding = 4; lastKnownFileType = sourcecode.c.h; path = AppDelegate.h; sourceTree = "<group>"; };
		E07C43551505BB6C006279FA /* AppDelegate.m */ = {isa = PBXFileReference; fileEncoding = 4; lastKnownFileType = sourcecode.c.objc; path = AppDelegate.m; sourceTree = "<group>"; };
		E07C43571505BB6C006279FA /* en */ = {isa = PBXFileReference; lastKnownFileType = text.plist.strings; name = en; path = en.lproj/InfoPlist.strings; sourceTree = "<group>"; };
		E07C43591505BB6C006279FA /* en */ = {isa = PBXFileReference; lastKnownFileType = file.xib; name = en; path = en.lproj/ViewController.xib; sourceTree = "<group>"; };
		E07C435A1505BB6C006279FA /* main.m */ = {isa = PBXFileReference; fileEncoding = 4; lastKnownFileType = sourcecode.c.objc; path = main.m; sourceTree = "<group>"; };
		E07C435B1505BB6C006279FA /* TwitterStreams-Info.plist */ = {isa = PBXFileReference; fileEncoding = 4; lastKnownFileType = text.plist.xml; path = "TwitterStreams-Info.plist"; sourceTree = "<group>"; };
		E07C435C1505BB6C006279FA /* TwitterStreams-Prefix.pch */ = {isa = PBXFileReference; fileEncoding = 4; lastKnownFileType = sourcecode.c.h; path = "TwitterStreams-Prefix.pch"; sourceTree = "<group>"; };
		E07C435D1505BB6C006279FA /* ViewController.h */ = {isa = PBXFileReference; fileEncoding = 4; lastKnownFileType = sourcecode.c.h; path = ViewController.h; sourceTree = "<group>"; };
		E07C435E1505BB6C006279FA /* ViewController.m */ = {isa = PBXFileReference; fileEncoding = 4; lastKnownFileType = sourcecode.c.objc; path = ViewController.m; sourceTree = "<group>"; };
		E07C43681505BC12006279FA /* TSStream.h */ = {isa = PBXFileReference; fileEncoding = 4; lastKnownFileType = sourcecode.c.h; path = TSStream.h; sourceTree = "<group>"; };
		E07C43691505BC12006279FA /* TSStream.m */ = {isa = PBXFileReference; fileEncoding = 4; lastKnownFileType = sourcecode.c.objc; path = TSStream.m; sourceTree = "<group>"; };
		E07C436B1505BC77006279FA /* Twitter.framework */ = {isa = PBXFileReference; lastKnownFileType = wrapper.framework; name = Twitter.framework; path = System/Library/Frameworks/Twitter.framework; sourceTree = SDKROOT; };
		E07C436D1505BC7C006279FA /* Accounts.framework */ = {isa = PBXFileReference; lastKnownFileType = wrapper.framework; name = Accounts.framework; path = System/Library/Frameworks/Accounts.framework; sourceTree = SDKROOT; };
		E07C43721505BF2C006279FA /* JSONKit.h */ = {isa = PBXFileReference; fileEncoding = 4; lastKnownFileType = sourcecode.c.h; path = JSONKit.h; sourceTree = "<group>"; };
		E07C43731505BF2C006279FA /* JSONKit.m */ = {isa = PBXFileReference; fileEncoding = 4; lastKnownFileType = sourcecode.c.objc; path = JSONKit.m; sourceTree = "<group>"; };
		E07C43781505BFA9006279FA /* TSUserStream.h */ = {isa = PBXFileReference; fileEncoding = 4; lastKnownFileType = sourcecode.c.h; path = TSUserStream.h; sourceTree = "<group>"; };
		E07C43791505BFA9006279FA /* TSUserStream.m */ = {isa = PBXFileReference; fileEncoding = 4; lastKnownFileType = sourcecode.c.objc; path = TSUserStream.m; sourceTree = "<group>"; };
		E07C437F1505DA4F006279FA /* TSFilterStream.h */ = {isa = PBXFileReference; fileEncoding = 4; lastKnownFileType = sourcecode.c.h; path = TSFilterStream.h; sourceTree = "<group>"; };
		E07C43801505DA4F006279FA /* TSFilterStream.m */ = {isa = PBXFileReference; fileEncoding = 4; lastKnownFileType = sourcecode.c.objc; path = TSFilterStream.m; sourceTree = "<group>"; };
		E07C43821506016D006279FA /* README */ = {isa = PBXFileReference; fileEncoding = 4; lastKnownFileType = text; path = README; sourceTree = "<group>"; };
/* End PBXFileReference section */

/* Begin PBXFrameworksBuildPhase section */
		E07C432F1505BB3F006279FA /* Frameworks */ = {
			isa = PBXFrameworksBuildPhase;
			buildActionMask = 2147483647;
			files = (
				E07C436E1505BC7C006279FA /* Accounts.framework in Frameworks */,
				E07C436C1505BC77006279FA /* Twitter.framework in Frameworks */,
				E07C43371505BB3F006279FA /* UIKit.framework in Frameworks */,
				E07C43391505BB3F006279FA /* Foundation.framework in Frameworks */,
				E07C433B1505BB3F006279FA /* CoreGraphics.framework in Frameworks */,
			);
			runOnlyForDeploymentPostprocessing = 0;
		};
/* End PBXFrameworksBuildPhase section */

/* Begin PBXGroup section */
		E06A080B15063DD800981F07 /* Models */ = {
			isa = PBXGroup;
			children = (
				E06A081015063DD800981F07 /* TSModelParser.h */,
				E06A081115063DD800981F07 /* TSModelParser.m */,
				E06A080E15063DD800981F07 /* TSModel.h */,
				E06A080F15063DD800981F07 /* TSModel.m */,
				E06A080C15063DD800981F07 /* TSFriendsList.h */,
				E06A080D15063DD800981F07 /* TSFriendsList.m */,
				E06A08151506402A00981F07 /* TSTweet.h */,
				E06A08161506402A00981F07 /* TSTweet.m */,
				E06A08181506438900981F07 /* TSUser.h */,
				E06A08191506438900981F07 /* TSUser.m */,
				E06A081B15065E9D00981F07 /* TSFollow.h */,
				E06A081C15065E9D00981F07 /* TSFollow.m */,
			);
			path = Models;
			sourceTree = "<group>";
		};
		E07C43271505BB3F006279FA = {
			isa = PBXGroup;
			children = (
				E07C43821506016D006279FA /* README */,
				E07C43531505BB6C006279FA /* ExampleApp */,
				E07C435F1505BB6C006279FA /* TwitterStreams */,
				E07C43351505BB3F006279FA /* Frameworks */,
				E07C43331505BB3F006279FA /* Products */,
			);
			sourceTree = "<group>";
		};
		E07C43331505BB3F006279FA /* Products */ = {
			isa = PBXGroup;
			children = (
				E07C43321505BB3F006279FA /* TwitterStreams.app */,
			);
			name = Products;
			sourceTree = "<group>";
		};
		E07C43351505BB3F006279FA /* Frameworks */ = {
			isa = PBXGroup;
			children = (
				E07C436D1505BC7C006279FA /* Accounts.framework */,
				E07C436B1505BC77006279FA /* Twitter.framework */,
				E07C43361505BB3F006279FA /* UIKit.framework */,
				E07C43381505BB3F006279FA /* Foundation.framework */,
				E07C433A1505BB3F006279FA /* CoreGraphics.framework */,
			);
			name = Frameworks;
			sourceTree = "<group>";
		};
		E07C43531505BB6C006279FA /* ExampleApp */ = {
			isa = PBXGroup;
			children = (
				E07C43541505BB6C006279FA /* AppDelegate.h */,
				E07C43551505BB6C006279FA /* AppDelegate.m */,
				E07C43561505BB6C006279FA /* InfoPlist.strings */,
				E07C43581505BB6C006279FA /* ViewController.xib */,
				E07C435A1505BB6C006279FA /* main.m */,
				E07C435B1505BB6C006279FA /* TwitterStreams-Info.plist */,
				E07C435C1505BB6C006279FA /* TwitterStreams-Prefix.pch */,
				E07C435D1505BB6C006279FA /* ViewController.h */,
				E07C435E1505BB6C006279FA /* ViewController.m */,
			);
			path = ExampleApp;
			sourceTree = "<group>";
		};
		E07C435F1505BB6C006279FA /* TwitterStreams */ = {
			isa = PBXGroup;
			children = (
				E07C436F1505BE99006279FA /* Dependencies */,
				E06A080B15063DD800981F07 /* Models */,
				E07C43671505BBD9006279FA /* Streams */,
			);
			path = TwitterStreams;
			sourceTree = "<group>";
		};
		E07C43671505BBD9006279FA /* Streams */ = {
			isa = PBXGroup;
			children = (
				E07C43681505BC12006279FA /* TSStream.h */,
				E07C43691505BC12006279FA /* TSStream.m */,
				E07C43781505BFA9006279FA /* TSUserStream.h */,
				E07C43791505BFA9006279FA /* TSUserStream.m */,
				E07C437F1505DA4F006279FA /* TSFilterStream.h */,
				E07C43801505DA4F006279FA /* TSFilterStream.m */,
			);
			path = Streams;
			sourceTree = "<group>";
		};
		E07C436F1505BE99006279FA /* Dependencies */ = {
			isa = PBXGroup;
			children = (
				E07C43701505BF2C006279FA /* JSONKit */,
			);
			path = Dependencies;
			sourceTree = "<group>";
		};
		E07C43701505BF2C006279FA /* JSONKit */ = {
			isa = PBXGroup;
			children = (
				E07C43721505BF2C006279FA /* JSONKit.h */,
				E07C43731505BF2C006279FA /* JSONKit.m */,
			);
			path = JSONKit;
			sourceTree = "<group>";
		};
/* End PBXGroup section */

/* Begin PBXNativeTarget section */
		E07C43311505BB3F006279FA /* TwitterStreams */ = {
			isa = PBXNativeTarget;
			buildConfigurationList = E07C43501505BB3F006279FA /* Build configuration list for PBXNativeTarget "TwitterStreams" */;
			buildPhases = (
				E07C432E1505BB3F006279FA /* Sources */,
				E07C432F1505BB3F006279FA /* Frameworks */,
				E07C43301505BB3F006279FA /* Resources */,
			);
			buildRules = (
			);
			dependencies = (
			);
			name = TwitterStreams;
			productName = TwitterStreams;
			productReference = E07C43321505BB3F006279FA /* TwitterStreams.app */;
			productType = "com.apple.product-type.application";
		};
/* End PBXNativeTarget section */

/* Begin PBXProject section */
		E07C43291505BB3F006279FA /* Project object */ = {
			isa = PBXProject;
			attributes = {
				LastUpgradeCheck = 0430;
				ORGANIZATIONNAME = "Filter Squad";
			};
			buildConfigurationList = E07C432C1505BB3F006279FA /* Build configuration list for PBXProject "TwitterStreams" */;
			compatibilityVersion = "Xcode 3.2";
			developmentRegion = English;
			hasScannedForEncodings = 0;
			knownRegions = (
				en,
			);
			mainGroup = E07C43271505BB3F006279FA;
			productRefGroup = E07C43331505BB3F006279FA /* Products */;
			projectDirPath = "";
			projectRoot = "";
			targets = (
				E07C43311505BB3F006279FA /* TwitterStreams */,
			);
		};
/* End PBXProject section */

/* Begin PBXResourcesBuildPhase section */
		E07C43301505BB3F006279FA /* Resources */ = {
			isa = PBXResourcesBuildPhase;
			buildActionMask = 2147483647;
			files = (
				E07C43611505BB6C006279FA /* InfoPlist.strings in Resources */,
				E07C43621505BB6C006279FA /* ViewController.xib in Resources */,
				E07C43831506016D006279FA /* README in Resources */,
			);
			runOnlyForDeploymentPostprocessing = 0;
		};
/* End PBXResourcesBuildPhase section */

/* Begin PBXSourcesBuildPhase section */
		E07C432E1505BB3F006279FA /* Sources */ = {
			isa = PBXSourcesBuildPhase;
			buildActionMask = 2147483647;
			files = (
				E07C43601505BB6C006279FA /* AppDelegate.m in Sources */,
				E07C43631505BB6C006279FA /* main.m in Sources */,
				E07C43651505BB6C006279FA /* ViewController.m in Sources */,
				E07C436A1505BC12006279FA /* TSStream.m in Sources */,
				E07C43761505BF2C006279FA /* JSONKit.m in Sources */,
				E07C437A1505BFA9006279FA /* TSUserStream.m in Sources */,
				E07C43811505DA4F006279FA /* TSFilterStream.m in Sources */,
				E06A081215063DD800981F07 /* TSFriendsList.m in Sources */,
				E06A081315063DD800981F07 /* TSModel.m in Sources */,
				E06A081415063DD800981F07 /* TSModelParser.m in Sources */,
				E06A08171506402A00981F07 /* TSTweet.m in Sources */,
				E06A081A1506438A00981F07 /* TSUser.m in Sources */,
				E06A081D15065E9E00981F07 /* TSFollow.m in Sources */,
			);
			runOnlyForDeploymentPostprocessing = 0;
		};
/* End PBXSourcesBuildPhase section */

/* Begin PBXVariantGroup section */
		E07C43561505BB6C006279FA /* InfoPlist.strings */ = {
			isa = PBXVariantGroup;
			children = (
				E07C43571505BB6C006279FA /* en */,
			);
			name = InfoPlist.strings;
			sourceTree = "<group>";
		};
		E07C43581505BB6C006279FA /* ViewController.xib */ = {
			isa = PBXVariantGroup;
			children = (
				E07C43591505BB6C006279FA /* en */,
			);
			name = ViewController.xib;
			sourceTree = "<group>";
		};
/* End PBXVariantGroup section */

/* Begin XCBuildConfiguration section */
		E07C434E1505BB3F006279FA /* Debug */ = {
			isa = XCBuildConfiguration;
			buildSettings = {
				ALWAYS_SEARCH_USER_PATHS = NO;
				ARCHS = "$(ARCHS_STANDARD_32_BIT)";
				"CODE_SIGN_IDENTITY[sdk=iphoneos*]" = "iPhone Developer";
				COPY_PHASE_STRIP = NO;
				GCC_C_LANGUAGE_STANDARD = gnu99;
				GCC_DYNAMIC_NO_PIC = NO;
				GCC_OPTIMIZATION_LEVEL = 0;
				GCC_PREPROCESSOR_DEFINITIONS = (
					"DEBUG=1",
					"$(inherited)",
				);
				GCC_SYMBOLS_PRIVATE_EXTERN = NO;
				GCC_VERSION = com.apple.compilers.llvm.clang.1_0;
				GCC_WARN_ABOUT_RETURN_TYPE = YES;
				GCC_WARN_UNINITIALIZED_AUTOS = YES;
				GCC_WARN_UNUSED_VARIABLE = YES;
				IPHONEOS_DEPLOYMENT_TARGET = 5.0;
				SDKROOT = iphoneos;
			};
			name = Debug;
		};
		E07C434F1505BB3F006279FA /* Release */ = {
			isa = XCBuildConfiguration;
			buildSettings = {
				ALWAYS_SEARCH_USER_PATHS = NO;
				ARCHS = "$(ARCHS_STANDARD_32_BIT)";
				"CODE_SIGN_IDENTITY[sdk=iphoneos*]" = "iPhone Developer";
				COPY_PHASE_STRIP = YES;
				GCC_C_LANGUAGE_STANDARD = gnu99;
				GCC_VERSION = com.apple.compilers.llvm.clang.1_0;
				GCC_WARN_ABOUT_RETURN_TYPE = YES;
				GCC_WARN_UNINITIALIZED_AUTOS = YES;
				GCC_WARN_UNUSED_VARIABLE = YES;
				IPHONEOS_DEPLOYMENT_TARGET = 5.0;
				OTHER_CFLAGS = "-DNS_BLOCK_ASSERTIONS=1";
				SDKROOT = iphoneos;
				VALIDATE_PRODUCT = YES;
			};
			name = Release;
		};
		E07C43511505BB3F006279FA /* Debug */ = {
			isa = XCBuildConfiguration;
			buildSettings = {
				GCC_PRECOMPILE_PREFIX_HEADER = YES;
				GCC_PREFIX_HEADER = "ExampleApp/TwitterStreams-Prefix.pch";
				INFOPLIST_FILE = "ExampleApp/TwitterStreams-Info.plist";
				PRODUCT_NAME = "$(TARGET_NAME)";
				WRAPPER_EXTENSION = app;
			};
			name = Debug;
		};
		E07C43521505BB3F006279FA /* Release */ = {
			isa = XCBuildConfiguration;
			buildSettings = {
				GCC_PRECOMPILE_PREFIX_HEADER = YES;
				GCC_PREFIX_HEADER = "ExampleApp/TwitterStreams-Prefix.pch";
				INFOPLIST_FILE = "ExampleApp/TwitterStreams-Info.plist";
				PRODUCT_NAME = "$(TARGET_NAME)";
				WRAPPER_EXTENSION = app;
			};
			name = Release;
		};
/* End XCBuildConfiguration section */

/* Begin XCConfigurationList section */
		E07C432C1505BB3F006279FA /* Build configuration list for PBXProject "TwitterStreams" */ = {
			isa = XCConfigurationList;
			buildConfigurations = (
				E07C434E1505BB3F006279FA /* Debug */,
				E07C434F1505BB3F006279FA /* Release */,
			);
			defaultConfigurationIsVisible = 0;
			defaultConfigurationName = Release;
		};
		E07C43501505BB3F006279FA /* Build configuration list for PBXNativeTarget "TwitterStreams" */ = {
			isa = XCConfigurationList;
			buildConfigurations = (
				E07C43511505BB3F006279FA /* Debug */,
				E07C43521505BB3F006279FA /* Release */,
			);
			defaultConfigurationIsVisible = 0;
			defaultConfigurationName = Release;
		};
/* End XCConfigurationList section */
	};
	rootObject = E07C43291505BB3F006279FA /* Project object */;
}
