// !$*UTF8*$!
{
	archiveVersion = 1;
	classes = {
	};
	objectVersion = 46;
	objects = {

/* Begin PBXBuildFile section */
		E07C43371505BB3F006279FA /* UIKit.framework in Frameworks */ = {isa = PBXBuildFile; fileRef = E07C43361505BB3F006279FA /* UIKit.framework */; };
		E07C43391505BB3F006279FA /* Foundation.framework in Frameworks */ = {isa = PBXBuildFile; fileRef = E07C43381505BB3F006279FA /* Foundation.framework */; };
		E07C433B1505BB3F006279FA /* CoreGraphics.framework in Frameworks */ = {isa = PBXBuildFile; fileRef = E07C433A1505BB3F006279FA /* CoreGraphics.framework */; };
		E07C43411505BB3F006279FA /* InfoPlist.strings in Resources */ = {isa = PBXBuildFile; fileRef = E07C433F1505BB3F006279FA /* InfoPlist.strings */; };
		E07C43431505BB3F006279FA /* main.m in Sources */ = {isa = PBXBuildFile; fileRef = E07C43421505BB3F006279FA /* main.m */; };
		E07C43471505BB3F006279FA /* AppDelegate.m in Sources */ = {isa = PBXBuildFile; fileRef = E07C43461505BB3F006279FA /* AppDelegate.m */; };
		E07C434A1505BB3F006279FA /* ViewController.m in Sources */ = {isa = PBXBuildFile; fileRef = E07C43491505BB3F006279FA /* ViewController.m */; };
		E07C434D1505BB3F006279FA /* ViewController.xib in Resources */ = {isa = PBXBuildFile; fileRef = E07C434B1505BB3F006279FA /* ViewController.xib */; };
/* End PBXBuildFile section */

/* Begin PBXFileReference section */
		E07C43321505BB3F006279FA /* TwitterStreams.app */ = {isa = PBXFileReference; explicitFileType = wrapper.application; includeInIndex = 0; path = TwitterStreams.app; sourceTree = BUILT_PRODUCTS_DIR; };
		E07C43361505BB3F006279FA /* UIKit.framework */ = {isa = PBXFileReference; lastKnownFileType = wrapper.framework; name = UIKit.framework; path = System/Library/Frameworks/UIKit.framework; sourceTree = SDKROOT; };
		E07C43381505BB3F006279FA /* Foundation.framework */ = {isa = PBXFileReference; lastKnownFileType = wrapper.framework; name = Foundation.framework; path = System/Library/Frameworks/Foundation.framework; sourceTree = SDKROOT; };
		E07C433A1505BB3F006279FA /* CoreGraphics.framework */ = {isa = PBXFileReference; lastKnownFileType = wrapper.framework; name = CoreGraphics.framework; path = System/Library/Frameworks/CoreGraphics.framework; sourceTree = SDKROOT; };
		E07C433E1505BB3F006279FA /* TwitterStreams-Info.plist */ = {isa = PBXFileReference; path = "TwitterStreams-Info.plist"; sourceTree = "<group>"; };
		E07C43401505BB3F006279FA /* en */ = {isa = PBXFileReference; lastKnownFileType = text.plist.strings; name = en; path = en.lproj/InfoPlist.strings; sourceTree = "<group>"; };
		E07C43421505BB3F006279FA /* main.m */ = {isa = PBXFileReference; lastKnownFileType = sourcecode.c.objc; path = main.m; sourceTree = "<group>"; };
		E07C43441505BB3F006279FA /* TwitterStreams-Prefix.pch */ = {isa = PBXFileReference; path = "TwitterStreams-Prefix.pch"; sourceTree = "<group>"; };
		E07C43451505BB3F006279FA /* AppDelegate.h */ = {isa = PBXFileReference; path = AppDelegate.h; sourceTree = "<group>"; };
		E07C43461505BB3F006279FA /* AppDelegate.m */ = {isa = PBXFileReference; lastKnownFileType = sourcecode.c.objc; path = AppDelegate.m; sourceTree = "<group>"; };
		E07C43481505BB3F006279FA /* ViewController.h */ = {isa = PBXFileReference; path = ViewController.h; sourceTree = "<group>"; };
		E07C43491505BB3F006279FA /* ViewController.m */ = {isa = PBXFileReference; lastKnownFileType = sourcecode.c.objc; path = ViewController.m; sourceTree = "<group>"; };
		E07C434C1505BB3F006279FA /* en */ = {isa = PBXFileReference; lastKnownFileType = file.xib; name = en; path = en.lproj/ViewController.xib; sourceTree = "<group>"; };
/* End PBXFileReference section */

/* Begin PBXFrameworksBuildPhase section */
		E07C432F1505BB3F006279FA /* Frameworks */ = {
			isa = PBXFrameworksBuildPhase;
			buildActionMask = 2147483647;
			files = (
				E07C43371505BB3F006279FA /* UIKit.framework in Frameworks */,
				E07C43391505BB3F006279FA /* Foundation.framework in Frameworks */,
				E07C433B1505BB3F006279FA /* CoreGraphics.framework in Frameworks */,
			);
			runOnlyForDeploymentPostprocessing = 0;
		};
/* End PBXFrameworksBuildPhase section */

/* Begin PBXGroup section */
		E07C43271505BB3F006279FA = {
			isa = PBXGroup;
			children = (
				E07C433C1505BB3F006279FA /* TwitterStreams */,
				E07C43351505BB3F006279FA /* Frameworks */,
				E07C43331505BB3F006279FA /* Products */,
			);
			sourceTree = "<group>";
		};
		E07C43331505BB3F006279FA /* Products */ = {
			isa = PBXGroup;
			children = (
				E07C43321505BB3F006279FA /* TwitterStreams.app */,
			);
			name = Products;
			sourceTree = "<group>";
		};
		E07C43351505BB3F006279FA /* Frameworks */ = {
			isa = PBXGroup;
			children = (
				E07C43361505BB3F006279FA /* UIKit.framework */,
				E07C43381505BB3F006279FA /* Foundation.framework */,
				E07C433A1505BB3F006279FA /* CoreGraphics.framework */,
			);
			name = Frameworks;
			sourceTree = "<group>";
		};
		E07C433C1505BB3F006279FA /* TwitterStreams */ = {
			isa = PBXGroup;
			children = (
				E07C43451505BB3F006279FA /* AppDelegate.h */,
				E07C43461505BB3F006279FA /* AppDelegate.m */,
				E07C43481505BB3F006279FA /* ViewController.h */,
				E07C43491505BB3F006279FA /* ViewController.m */,
				E07C434B1505BB3F006279FA /* ViewController.xib */,
				E07C433D1505BB3F006279FA /* Supporting Files */,
			);
			path = TwitterStreams;
			sourceTree = "<group>";
		};
		E07C433D1505BB3F006279FA /* Supporting Files */ = {
			isa = PBXGroup;
			children = (
				E07C433E1505BB3F006279FA /* TwitterStreams-Info.plist */,
				E07C433F1505BB3F006279FA /* InfoPlist.strings */,
				E07C43421505BB3F006279FA /* main.m */,
				E07C43441505BB3F006279FA /* TwitterStreams-Prefix.pch */,
			);
			name = "Supporting Files";
			sourceTree = "<group>";
		};
/* End PBXGroup section */

/* Begin PBXNativeTarget section */
		E07C43311505BB3F006279FA /* TwitterStreams */ = {
			isa = PBXNativeTarget;
			buildConfigurationList = E07C43501505BB3F006279FA /* Build configuration list for PBXNativeTarget "TwitterStreams" */;
			buildPhases = (
				E07C432E1505BB3F006279FA /* Sources */,
				E07C432F1505BB3F006279FA /* Frameworks */,
				E07C43301505BB3F006279FA /* Resources */,
			);
			buildRules = (
			);
			dependencies = (
			);
			name = TwitterStreams;
			productName = TwitterStreams;
			productReference = E07C43321505BB3F006279FA /* TwitterStreams.app */;
			productType = "com.apple.product-type.application";
		};
/* End PBXNativeTarget section */

/* Begin PBXProject section */
		E07C43291505BB3F006279FA /* Project object */ = {
			isa = PBXProject;
			attributes = {
				LastUpgradeCheck = 0430;
				ORGANIZATIONNAME = "Filter Squad";
			};
			buildConfigurationList = E07C432C1505BB3F006279FA /* Build configuration list for PBXProject "TwitterStreams" */;
			compatibilityVersion = "Xcode 3.2";
			developmentRegion = English;
			hasScannedForEncodings = 0;
			knownRegions = (
				en,
			);
			mainGroup = E07C43271505BB3F006279FA;
			productRefGroup = E07C43331505BB3F006279FA /* Products */;
			projectDirPath = "";
			projectRoot = "";
			targets = (
				E07C43311505BB3F006279FA /* TwitterStreams */,
			);
		};
/* End PBXProject section */

/* Begin PBXResourcesBuildPhase section */
		E07C43301505BB3F006279FA /* Resources */ = {
			isa = PBXResourcesBuildPhase;
			buildActionMask = 2147483647;
			files = (
				E07C43411505BB3F006279FA /* InfoPlist.strings in Resources */,
				E07C434D1505BB3F006279FA /* ViewController.xib in Resources */,
			);
			runOnlyForDeploymentPostprocessing = 0;
		};
/* End PBXResourcesBuildPhase section */

/* Begin PBXSourcesBuildPhase section */
		E07C432E1505BB3F006279FA /* Sources */ = {
			isa = PBXSourcesBuildPhase;
			buildActionMask = 2147483647;
			files = (
				E07C43431505BB3F006279FA /* main.m in Sources */,
				E07C43471505BB3F006279FA /* AppDelegate.m in Sources */,
				E07C434A1505BB3F006279FA /* ViewController.m in Sources */,
			);
			runOnlyForDeploymentPostprocessing = 0;
		};
/* End PBXSourcesBuildPhase section */

/* Begin PBXVariantGroup section */
		E07C433F1505BB3F006279FA /* InfoPlist.strings */ = {
			isa = PBXVariantGroup;
			children = (
				E07C43401505BB3F006279FA /* en */,
			);
			name = InfoPlist.strings;
			sourceTree = "<group>";
		};
		E07C434B1505BB3F006279FA /* ViewController.xib */ = {
			isa = PBXVariantGroup;
			children = (
				E07C434C1505BB3F006279FA /* en */,
			);
			name = ViewController.xib;
			sourceTree = "<group>";
		};
/* End PBXVariantGroup section */

/* Begin XCBuildConfiguration section */
		E07C434E1505BB3F006279FA /* Debug */ = {
			isa = XCBuildConfiguration;
			buildSettings = {
				ALWAYS_SEARCH_USER_PATHS = NO;
				ARCHS = "$(ARCHS_STANDARD_32_BIT)";
				"CODE_SIGN_IDENTITY[sdk=iphoneos*]" = "iPhone Developer";
				COPY_PHASE_STRIP = NO;
				GCC_C_LANGUAGE_STANDARD = gnu99;
				GCC_DYNAMIC_NO_PIC = NO;
				GCC_OPTIMIZATION_LEVEL = 0;
				GCC_PREPROCESSOR_DEFINITIONS = (
					"DEBUG=1",
					"$(inherited)",
				);
				GCC_SYMBOLS_PRIVATE_EXTERN = NO;
				GCC_VERSION = com.apple.compilers.llvm.clang.1_0;
				GCC_WARN_ABOUT_RETURN_TYPE = YES;
				GCC_WARN_UNINITIALIZED_AUTOS = YES;
				GCC_WARN_UNUSED_VARIABLE = YES;
				IPHONEOS_DEPLOYMENT_TARGET = 5.0;
				SDKROOT = iphoneos;
			};
			name = Debug;
		};
		E07C434F1505BB3F006279FA /* Release */ = {
			isa = XCBuildConfiguration;
			buildSettings = {
				ALWAYS_SEARCH_USER_PATHS = NO;
				ARCHS = "$(ARCHS_STANDARD_32_BIT)";
				"CODE_SIGN_IDENTITY[sdk=iphoneos*]" = "iPhone Developer";
				COPY_PHASE_STRIP = YES;
				GCC_C_LANGUAGE_STANDARD = gnu99;
				GCC_VERSION = com.apple.compilers.llvm.clang.1_0;
				GCC_WARN_ABOUT_RETURN_TYPE = YES;
				GCC_WARN_UNINITIALIZED_AUTOS = YES;
				GCC_WARN_UNUSED_VARIABLE = YES;
				IPHONEOS_DEPLOYMENT_TARGET = 5.0;
				OTHER_CFLAGS = "-DNS_BLOCK_ASSERTIONS=1";
				SDKROOT = iphoneos;
				VALIDATE_PRODUCT = YES;
			};
			name = Release;
		};
		E07C43511505BB3F006279FA /* Debug */ = {
			isa = XCBuildConfiguration;
			buildSettings = {
				GCC_PRECOMPILE_PREFIX_HEADER = YES;
				GCC_PREFIX_HEADER = "TwitterStreams/TwitterStreams-Prefix.pch";
				INFOPLIST_FILE = "TwitterStreams/TwitterStreams-Info.plist";
				PRODUCT_NAME = "$(TARGET_NAME)";
				WRAPPER_EXTENSION = app;
			};
			name = Debug;
		};
		E07C43521505BB3F006279FA /* Release */ = {
			isa = XCBuildConfiguration;
			buildSettings = {
				GCC_PRECOMPILE_PREFIX_HEADER = YES;
				GCC_PREFIX_HEADER = "TwitterStreams/TwitterStreams-Prefix.pch";
				INFOPLIST_FILE = "TwitterStreams/TwitterStreams-Info.plist";
				PRODUCT_NAME = "$(TARGET_NAME)";
				WRAPPER_EXTENSION = app;
			};
			name = Release;
		};
/* End XCBuildConfiguration section */

/* Begin XCConfigurationList section */
		E07C432C1505BB3F006279FA /* Build configuration list for PBXProject "TwitterStreams" */ = {
			isa = XCConfigurationList;
			buildConfigurations = (
				E07C434E1505BB3F006279FA /* Debug */,
				E07C434F1505BB3F006279FA /* Release */,
			);
			defaultConfigurationIsVisible = 0;
			defaultConfigurationName = Release;
		};
		E07C43501505BB3F006279FA /* Build configuration list for PBXNativeTarget "TwitterStreams" */ = {
			isa = XCConfigurationList;
			buildConfigurations = (
				E07C43511505BB3F006279FA /* Debug */,
				E07C43521505BB3F006279FA /* Release */,
			);
			defaultConfigurationIsVisible = 0;
		};
/* End XCConfigurationList section */
	};
	rootObject = E07C43291505BB3F006279FA /* Project object */;
}
